github.com/gorilla/websocket v1.5.3 h1:saDtZ6Pbx/0u+bgYQ3q96pZgCzfhKXGPqt7kZ72aNNg=
github.com/gorilla/websocket v1.5.3/go.mod h1:YR8l580nyteQvAITg2hZ9XVh4b55+EU/adAjf1fMHhE=
github.com/julienschmidt/httprouter v1.3.0 h1:U0609e9tgbseu3rBINet9P48AI/D3oJs4dN7jwJOQ1U=
github.com/julienschmidt/httprouter v1.3.0/go.mod h1:JR6WtHb+2LUe8TCKY3cZOxFyyO8IZAc4RVcycCCAKdM=
github.com/neo532/gokit v1.0.40 h1:KAj4xe9IXhx5GBS/hyXIPb5Uzp42QzEKBycjkRxAAaM=
github.com/neo532/gokit v1.0.40/go.mod h1:hybQjh0epHcVuF+ozop+oWXgHbyi4IbujsbKqiZ+g9M=
